
Microsoft Visual Studio Solution File, Format Version 12.00
# Visual Studio Version 17
VisualStudioVersion = 17.9.34616.47
MinimumVisualStudioVersion = 10.0.40219.1
Project("{FAE04EC0-301F-11D3-BF4B-00C04F79EFBC}") = "Pet4You", "Pet4You\Pet4You.csproj", "{00CA8A30-0F79-4A5F-AA2D-4A21D4127FA0}"
EndProject
Global
	GlobalSection(SolutionConfigurationPlatforms) = preSolution
		Debug|Any CPU = Debug|Any CPU
		Release|Any CPU = Release|Any CPU
	EndGlobalSection
	GlobalSection(ProjectConfigurationPlatforms) = postSolution
		{00CA8A30-0F79-4A5F-AA2D-4A21D4127FA0}.Debug|Any CPU.ActiveCfg = Debug|Any CPU
		{00CA8A30-0F79-4A5F-AA2D-4A21D4127FA0}.Debug|Any CPU.Build.0 = Debug|Any CPU
		{00CA8A30-0F79-4A5F-AA2D-4A21D4127FA0}.Release|Any CPU.ActiveCfg = Release|Any CPU
		{00CA8A30-0F79-4A5F-AA2D-4A21D4127FA0}.Release|Any CPU.Build.0 = Release|Any CPU
	EndGlobalSection
	GlobalSection(SolutionProperties) = preSolution
		HideSolutionNode = FALSE
	EndGlobalSection
	GlobalSection(ExtensibilityGlobals) = postSolution
		SolutionGuid = {A7EF502A-840B-4398-B19E-1EF019857989}
	EndGlobalSection
EndGlobal
